# THIS IS AN AUTOGENERATED FILE. DO NOT EDIT THIS FILE DIRECTLY.
# yarn lockfile v1


dom7@^3.0.0:
  version "3.0.0"
  resolved "https://registry.yarnpkg.com/dom7/-/dom7-3.0.0.tgz#b861ce5d67a6becd7aaa3ad02942ff14b1240331"
  dependencies:
    ssr-window "^3.0.0-alpha.1"

ssr-window@^3.0.0, ssr-window@^3.0.0-alpha.1:
  version "3.0.0"
  resolved "https://registry.yarnpkg.com/ssr-window/-/ssr-window-3.0.0.tgz#fd5b82801638943e0cc704c4691801435af7ac37"

swiper@^6.5.1:
  version "6.5.1"
  resolved "https://registry.yarnpkg.com/swiper/-/swiper-6.5.1.tgz#795630e45bbebb3b3b2945d55c22ffdcf5536c1b"
  dependencies:
    dom7 "^3.0.0"
    ssr-window "^3.0.0"
